
Microsoft Visual Studio Solution File, Format Version 12.00
# Visual Studio Version 17
VisualStudioVersion = 17.9.34622.214
MinimumVisualStudioVersion = 10.0.40219.1
Project("{FAE04EC0-301F-11D3-BF4B-00C04F79EFBC}") = "SimpleCalculator", "SimpleCalculator\SimpleCalculator.csproj", "{6A486F80-A116-4296-99F2-95A79454E1FA}"
EndProject
Global
	GlobalSection(SolutionConfigurationPlatforms) = preSolution
		Debug|Any CPU = Debug|Any CPU
		Release|Any CPU = Release|Any CPU
	EndGlobalSection
	GlobalSection(ProjectConfigurationPlatforms) = postSolution
		{6A486F80-A116-4296-99F2-95A79454E1FA}.Debug|Any CPU.ActiveCfg = Debug|Any CPU
		{6A486F80-A116-4296-99F2-95A79454E1FA}.Debug|Any CPU.Build.0 = Debug|Any CPU
		{6A486F80-A116-4296-99F2-95A79454E1FA}.Release|Any CPU.ActiveCfg = Release|Any CPU
		{6A486F80-A116-4296-99F2-95A79454E1FA}.Release|Any CPU.Build.0 = Release|Any CPU
	EndGlobalSection
	GlobalSection(SolutionProperties) = preSolution
		HideSolutionNode = FALSE
	EndGlobalSection
	GlobalSection(ExtensibilityGlobals) = postSolution
		SolutionGuid = {43378572-E4CF-436C-9F87-DC6CF5ABCDD2}
	EndGlobalSection
EndGlobal
